
Microsoft Visual Studio Solution File, Format Version 12.00
# Visual Studio Version 16
VisualStudioVersion = 16.0.28917.181
MinimumVisualStudioVersion = 10.0.40219.1
Project("{FAE04EC0-301F-11D3-BF4B-00C04F79EFBC}") = "Introduction to Algorithms", "Introduction to Algorithms\Introduction to Algorithms.csproj", "{969B8F4A-4F7B-42D8-B6DC-43F2CFB44A31}"
EndProject
Global
	GlobalSection(SolutionConfigurationPlatforms) = preSolution
		Debug|Any CPU = Debug|Any CPU
		Release|Any CPU = Release|Any CPU
	EndGlobalSection
	GlobalSection(ProjectConfigurationPlatforms) = postSolution
		{969B8F4A-4F7B-42D8-B6DC-43F2CFB44A31}.Debug|Any CPU.ActiveCfg = Debug|Any CPU
		{969B8F4A-4F7B-42D8-B6DC-43F2CFB44A31}.Debug|Any CPU.Build.0 = Debug|Any CPU
		{969B8F4A-4F7B-42D8-B6DC-43F2CFB44A31}.Release|Any CPU.ActiveCfg = Release|Any CPU
		{969B8F4A-4F7B-42D8-B6DC-43F2CFB44A31}.Release|Any CPU.Build.0 = Release|Any CPU
	EndGlobalSection
	GlobalSection(SolutionProperties) = preSolution
		HideSolutionNode = FALSE
	EndGlobalSection
	GlobalSection(ExtensibilityGlobals) = postSolution
		SolutionGuid = {42288782-DD0F-4350-BCF7-F330D296A3AF}
	EndGlobalSection
EndGlobal
